
Microsoft Visual Studio Solution File, Format Version 11.00
# Visual C# Express 2010
Project("{FAE04EC0-301F-11D3-BF4B-00C04F79EFBC}") = "gamejam_isha_1", "gamejam_isha_1\gamejam_isha_1\gamejam_isha_1.csproj", "{8BA2535C-DF22-4605-9807-D23BA4C6FD57}"
EndProject
Project("{96E2B04D-8817-42C6-938A-82C39BA4D311}") = "gamejam_isha_1Content", "gamejam_isha_1\gamejam_isha_1Content\gamejam_isha_1Content.contentproj", "{943E019F-6CD2-4A1D-9056-C4B8DA167716}"
EndProject
Global
	GlobalSection(SolutionConfigurationPlatforms) = preSolution
		Debug|x86 = Debug|x86
		Release|x86 = Release|x86
	EndGlobalSection
	GlobalSection(ProjectConfigurationPlatforms) = postSolution
		{8BA2535C-DF22-4605-9807-D23BA4C6FD57}.Debug|x86.ActiveCfg = Debug|x86
		{8BA2535C-DF22-4605-9807-D23BA4C6FD57}.Debug|x86.Build.0 = Debug|x86
		{8BA2535C-DF22-4605-9807-D23BA4C6FD57}.Release|x86.ActiveCfg = Release|x86
		{8BA2535C-DF22-4605-9807-D23BA4C6FD57}.Release|x86.Build.0 = Release|x86
		{943E019F-6CD2-4A1D-9056-C4B8DA167716}.Debug|x86.ActiveCfg = Debug|x86
		{943E019F-6CD2-4A1D-9056-C4B8DA167716}.Release|x86.ActiveCfg = Release|x86
	EndGlobalSection
	GlobalSection(SolutionProperties) = preSolution
		HideSolutionNode = FALSE
	EndGlobalSection
EndGlobal
