
Microsoft Visual Studio Solution File, Format Version 11.00
# Visual Studio 2010
Project("{FAE04EC0-301F-11D3-BF4B-00C04F79EFBC}") = "SpriteAnimation", "SpriteAnimation\SpriteAnimation\SpriteAnimation.csproj", "{996FAA52-5C8D-4B36-B79F-F7AF6820DF03}"
EndProject
Project("{96E2B04D-8817-42C6-938A-82C39BA4D311}") = "SpriteAnimationContent", "SpriteAnimation\SpriteAnimationContent\SpriteAnimationContent.contentproj", "{C16FE15C-BB34-4466-A5ED-EFD683060D13}"
EndProject
Global
	GlobalSection(SolutionConfigurationPlatforms) = preSolution
		Debug|x86 = Debug|x86
		Release|x86 = Release|x86
	EndGlobalSection
	GlobalSection(ProjectConfigurationPlatforms) = postSolution
		{996FAA52-5C8D-4B36-B79F-F7AF6820DF03}.Debug|x86.ActiveCfg = Debug|x86
		{996FAA52-5C8D-4B36-B79F-F7AF6820DF03}.Debug|x86.Build.0 = Debug|x86
		{996FAA52-5C8D-4B36-B79F-F7AF6820DF03}.Release|x86.ActiveCfg = Release|x86
		{996FAA52-5C8D-4B36-B79F-F7AF6820DF03}.Release|x86.Build.0 = Release|x86
		{C16FE15C-BB34-4466-A5ED-EFD683060D13}.Debug|x86.ActiveCfg = Debug|x86
		{C16FE15C-BB34-4466-A5ED-EFD683060D13}.Release|x86.ActiveCfg = Release|x86
	EndGlobalSection
	GlobalSection(SolutionProperties) = preSolution
		HideSolutionNode = FALSE
	EndGlobalSection
EndGlobal
